dependencies:
- name: kube-prometheus-stack
  repository: https://prometheus-community.github.io/helm-charts
  version: 55.0.0
- name: loki
  repository: https://grafana.github.io/helm-charts
  version: 5.36.3
digest: sha256:b93295093b154fc41471db8aa40cb9b2b2f2493813667fc2772a36b8c7e7ee7b
generated: "2025-09-12T15:00:46.9726599+09:00"
